
Microsoft Visual Studio Solution File, Format Version 12.00
# Visual Studio 2012
Project("{FAE04EC0-301F-11D3-BF4B-00C04F79EFBC}") = "LiveChartsTest", "LiveChartsTest\LiveChartsTest.csproj", "{129DF038-9975-4475-A7F7-C17F6820EDCC}"
EndProject
Global
	GlobalSection(SolutionConfigurationPlatforms) = preSolution
		Debug|Any CPU = Debug|Any CPU
		Release|Any CPU = Release|Any CPU
	EndGlobalSection
	GlobalSection(ProjectConfigurationPlatforms) = postSolution
		{129DF038-9975-4475-A7F7-C17F6820EDCC}.Debug|Any CPU.ActiveCfg = Debug|Any CPU
		{129DF038-9975-4475-A7F7-C17F6820EDCC}.Debug|Any CPU.Build.0 = Debug|Any CPU
		{129DF038-9975-4475-A7F7-C17F6820EDCC}.Release|Any CPU.ActiveCfg = Release|Any CPU
		{129DF038-9975-4475-A7F7-C17F6820EDCC}.Release|Any CPU.Build.0 = Release|Any CPU
	EndGlobalSection
	GlobalSection(SolutionProperties) = preSolution
		HideSolutionNode = FALSE
	EndGlobalSection
EndGlobal
