
Microsoft Visual Studio Solution File, Format Version 12.00
# Visual Studio 2012
Project("{FAE04EC0-301F-11D3-BF4B-00C04F79EFBC}") = "DataBinding", "DataBinding\DataBinding.csproj", "{8BF6B5A1-3E0A-43B8-9EE6-DA29977E34AD}"
EndProject
Project("{FAE04EC0-301F-11D3-BF4B-00C04F79EFBC}") = "MahappsMetroSample", "MahappsMetroSample\MahappsMetroSample.csproj", "{28AE082F-E696-4181-8DD6-3118161868E7}"
EndProject
Global
	GlobalSection(SolutionConfigurationPlatforms) = preSolution
		Debug|Any CPU = Debug|Any CPU
		Release|Any CPU = Release|Any CPU
	EndGlobalSection
	GlobalSection(ProjectConfigurationPlatforms) = postSolution
		{8BF6B5A1-3E0A-43B8-9EE6-DA29977E34AD}.Debug|Any CPU.ActiveCfg = Debug|Any CPU
		{8BF6B5A1-3E0A-43B8-9EE6-DA29977E34AD}.Debug|Any CPU.Build.0 = Debug|Any CPU
		{8BF6B5A1-3E0A-43B8-9EE6-DA29977E34AD}.Release|Any CPU.ActiveCfg = Release|Any CPU
		{8BF6B5A1-3E0A-43B8-9EE6-DA29977E34AD}.Release|Any CPU.Build.0 = Release|Any CPU
		{28AE082F-E696-4181-8DD6-3118161868E7}.Debug|Any CPU.ActiveCfg = Debug|Any CPU
		{28AE082F-E696-4181-8DD6-3118161868E7}.Debug|Any CPU.Build.0 = Debug|Any CPU
		{28AE082F-E696-4181-8DD6-3118161868E7}.Release|Any CPU.ActiveCfg = Release|Any CPU
		{28AE082F-E696-4181-8DD6-3118161868E7}.Release|Any CPU.Build.0 = Release|Any CPU
	EndGlobalSection
	GlobalSection(SolutionProperties) = preSolution
		HideSolutionNode = FALSE
	EndGlobalSection
EndGlobal
